
Microsoft Visual Studio Solution File, Format Version 12.00
# Visual Studio 15
VisualStudioVersion = 15.0.28307.136
MinimumVisualStudioVersion = 10.0.40219.1
Project("{FAE04EC0-301F-11D3-BF4B-00C04F79EFBC}") = "WindowsService", "WindowsService\WindowsService.csproj", "{A930C3BF-DAFB-46B0-BE0D-48B225D75FFD}"
EndProject
Project("{54435603-DBB4-11D2-8724-00A0C9A8B90C}") = "Setup", "Setup\Setup.vdproj", "{CCE15FD5-116E-4FEE-B389-FB1139E65D0B}"
EndProject
Global
	GlobalSection(SolutionConfigurationPlatforms) = preSolution
		Debug|Any CPU = Debug|Any CPU
		Release|Any CPU = Release|Any CPU
	EndGlobalSection
	GlobalSection(ProjectConfigurationPlatforms) = postSolution
		{A930C3BF-DAFB-46B0-BE0D-48B225D75FFD}.Debug|Any CPU.ActiveCfg = Debug|Any CPU
		{A930C3BF-DAFB-46B0-BE0D-48B225D75FFD}.Debug|Any CPU.Build.0 = Debug|Any CPU
		{A930C3BF-DAFB-46B0-BE0D-48B225D75FFD}.Release|Any CPU.ActiveCfg = Release|Any CPU
		{A930C3BF-DAFB-46B0-BE0D-48B225D75FFD}.Release|Any CPU.Build.0 = Release|Any CPU
		{CCE15FD5-116E-4FEE-B389-FB1139E65D0B}.Debug|Any CPU.ActiveCfg = Debug
		{CCE15FD5-116E-4FEE-B389-FB1139E65D0B}.Release|Any CPU.ActiveCfg = Release
	EndGlobalSection
	GlobalSection(SolutionProperties) = preSolution
		HideSolutionNode = FALSE
	EndGlobalSection
	GlobalSection(ExtensibilityGlobals) = postSolution
		SolutionGuid = {D1F058E7-F9C8-498B-969F-67B3274EBA64}
	EndGlobalSection
EndGlobal
